
Microsoft Visual Studio Solution File, Format Version 12.00
# Visual Studio Version 17
VisualStudioVersion = 17.9.34714.143
MinimumVisualStudioVersion = 10.0.40219.1
Project("{FAE04EC0-301F-11D3-BF4B-00C04F79EFBC}") = "lab5-kpz", "lab5-kpz.csproj", "{CF48689A-D6DB-4054-9F8D-0271434D9924}"
EndProject
Project("{FAE04EC0-301F-11D3-BF4B-00C04F79EFBC}") = "UltraVisionCentre", "UltraVisionCentre\UltraVisionCentre.csproj", "{260101CD-1BB4-4C49-8B1A-DEB9E92FDB10}"
EndProject
Global
	GlobalSection(SolutionConfigurationPlatforms) = preSolution
		Debug|Any CPU = Debug|Any CPU
		Release|Any CPU = Release|Any CPU
	EndGlobalSection
	GlobalSection(ProjectConfigurationPlatforms) = postSolution
		{CF48689A-D6DB-4054-9F8D-0271434D9924}.Debug|Any CPU.ActiveCfg = Debug|Any CPU
		{CF48689A-D6DB-4054-9F8D-0271434D9924}.Debug|Any CPU.Build.0 = Debug|Any CPU
		{CF48689A-D6DB-4054-9F8D-0271434D9924}.Release|Any CPU.ActiveCfg = Release|Any CPU
		{CF48689A-D6DB-4054-9F8D-0271434D9924}.Release|Any CPU.Build.0 = Release|Any CPU
		{260101CD-1BB4-4C49-8B1A-DEB9E92FDB10}.Debug|Any CPU.ActiveCfg = Debug|Any CPU
		{260101CD-1BB4-4C49-8B1A-DEB9E92FDB10}.Debug|Any CPU.Build.0 = Debug|Any CPU
		{260101CD-1BB4-4C49-8B1A-DEB9E92FDB10}.Release|Any CPU.ActiveCfg = Release|Any CPU
		{260101CD-1BB4-4C49-8B1A-DEB9E92FDB10}.Release|Any CPU.Build.0 = Release|Any CPU
	EndGlobalSection
	GlobalSection(SolutionProperties) = preSolution
		HideSolutionNode = FALSE
	EndGlobalSection
	GlobalSection(ExtensibilityGlobals) = postSolution
		SolutionGuid = {CD101F18-FDA7-4123-838D-3FF6A7A24039}
	EndGlobalSection
EndGlobal
